// !$*UTF8*$!
{
	archiveVersion = 1;
	classes = {
	};
	objectVersion = 54;
	objects = {

/* Begin PBXBuildFile section */
		716A926A2654B86400C82B0D /* BLBase.h in Headers */ = {isa = PBXBuildFile; fileRef = 716A92682654B86400C82B0D /* BLBase.h */; settings = {ATTRIBUTES = (Public, ); }; };
		717309332655233000AC59AE /* ObservableComsumer.swift in Sources */ = {isa = PBXBuildFile; fileRef = 717309322655233000AC59AE /* ObservableComsumer.swift */; };
		718413BE26578FD600EA7D65 /* Prism.framework in Frameworks */ = {isa = PBXBuildFile; fileRef = 718413BD26578FD600EA7D65 /* Prism.framework */; settings = {ATTRIBUTES = (Weak, ); }; };
		718413C92657919C00EA7D65 /* ResultInfo.java in Sources */ = {isa = PBXBuildFile; fileRef = 718413C52657919C00EA7D65 /* ResultInfo.java */; };
		718413CA2657919C00EA7D65 /* HostInterceptor.java in Sources */ = {isa = PBXBuildFile; fileRef = 718413C62657919C00EA7D65 /* HostInterceptor.java */; };
		718413CB2657919C00EA7D65 /* TicketInterceptor.java in Sources */ = {isa = PBXBuildFile; fileRef = 718413C72657919C00EA7D65 /* TicketInterceptor.java */; };
		718413CC2657919C00EA7D65 /* Services.java in Sources */ = {isa = PBXBuildFile; fileRef = 718413C82657919C00EA7D65 /* Services.java */; };
/* End PBXBuildFile section */

/* Begin PBXBuildRule section */
		716A928B2654BD8300C82B0D /* PBXBuildRule */ = {
			isa = PBXBuildRule;
			compilerSpec = com.apple.compilers.proxy.script;
			fileType = sourcecode.java;
			inputFiles = (
			);
			isEditable = 1;
			outputFiles = (
				"$(DERIVED_FILE_DIR)/${INPUT_FILE_BASE}.m",
			);
			runOncePerArchitecture = 0;
			script = "# Type a script or drag a script file from your workspace to insert its path.\n\n# We have alreay compiled java source\n\nPACKET_FILE=${INPUT_FILE_PATH##*/java/}\nOBJC_FILE=${PACKET_FILE/.java/.m}\nmv ${DERIVED_FILE_DIR}/${OBJC_FILE} ${DERIVED_FILE_DIR}/\n";
		};
/* End PBXBuildRule section */

/* Begin PBXFileReference section */
		716A92652654B86400C82B0D /* BLBase.framework */ = {isa = PBXFileReference; explicitFileType = wrapper.framework; includeInIndex = 0; path = BLBase.framework; sourceTree = BUILT_PRODUCTS_DIR; };
		716A92682654B86400C82B0D /* BLBase.h */ = {isa = PBXFileReference; lastKnownFileType = sourcecode.c.h; path = BLBase.h; sourceTree = "<group>"; };
		716A92692654B86400C82B0D /* Info.plist */ = {isa = PBXFileReference; lastKnownFileType = text.plist.xml; path = Info.plist; sourceTree = "<group>"; };
		717309322655233000AC59AE /* ObservableComsumer.swift */ = {isa = PBXFileReference; lastKnownFileType = sourcecode.swift; path = ObservableComsumer.swift; sourceTree = "<group>"; };
		718413BD26578FD600EA7D65 /* Prism.framework */ = {isa = PBXFileReference; explicitFileType = wrapper.framework; path = Prism.framework; sourceTree = BUILT_PRODUCTS_DIR; };
		718413C52657919C00EA7D65 /* ResultInfo.java */ = {isa = PBXFileReference; fileEncoding = 4; lastKnownFileType = sourcecode.java; path = ResultInfo.java; sourceTree = "<group>"; };
		718413C62657919C00EA7D65 /* HostInterceptor.java */ = {isa = PBXFileReference; fileEncoding = 4; lastKnownFileType = sourcecode.java; path = HostInterceptor.java; sourceTree = "<group>"; };
		718413C72657919C00EA7D65 /* TicketInterceptor.java */ = {isa = PBXFileReference; fileEncoding = 4; lastKnownFileType = sourcecode.java; path = TicketInterceptor.java; sourceTree = "<group>"; };
		718413C82657919C00EA7D65 /* Services.java */ = {isa = PBXFileReference; fileEncoding = 4; lastKnownFileType = sourcecode.java; path = Services.java; sourceTree = "<group>"; };
		718413D12657958B00EA7D65 /* BLBase-Bridge.h */ = {isa = PBXFileReference; fileEncoding = 4; lastKnownFileType = sourcecode.c.h; path = "BLBase-Bridge.h"; sourceTree = "<group>"; };
/* End PBXFileReference section */

/* Begin PBXFrameworksBuildPhase section */
		716A92622654B86400C82B0D /* Frameworks */ = {
			isa = PBXFrameworksBuildPhase;
			buildActionMask = 2147483647;
			files = (
				718413BE26578FD600EA7D65 /* Prism.framework in Frameworks */,
			);
			runOnlyForDeploymentPostprocessing = 0;
		};
/* End PBXFrameworksBuildPhase section */

/* Begin PBXGroup section */
		716A925B2654B86400C82B0D = {
			isa = PBXGroup;
			children = (
				718413E92657A4DD00EA7D65 /* Swift */,
				718413C12657919C00EA7D65 /* java */,
				716A92672654B86400C82B0D /* BLBase */,
				716A92662654B86400C82B0D /* Products */,
				716A92712654B87E00C82B0D /* Frameworks */,
			);
			sourceTree = "<group>";
		};
		716A92662654B86400C82B0D /* Products */ = {
			isa = PBXGroup;
			children = (
				716A92652654B86400C82B0D /* BLBase.framework */,
			);
			name = Products;
			sourceTree = "<group>";
		};
		716A92672654B86400C82B0D /* BLBase */ = {
			isa = PBXGroup;
			children = (
				716A92682654B86400C82B0D /* BLBase.h */,
				718413D12657958B00EA7D65 /* BLBase-Bridge.h */,
				716A92692654B86400C82B0D /* Info.plist */,
			);
			path = BLBase;
			sourceTree = "<group>";
		};
		716A92712654B87E00C82B0D /* Frameworks */ = {
			isa = PBXGroup;
			children = (
				718413BD26578FD600EA7D65 /* Prism.framework */,
			);
			name = Frameworks;
			sourceTree = "<group>";
		};
		718413C12657919C00EA7D65 /* java */ = {
			isa = PBXGroup;
			children = (
				718413C22657919C00EA7D65 /* com */,
			);
			name = java;
			path = src/main/java;
			sourceTree = "<group>";
		};
		718413C22657919C00EA7D65 /* com */ = {
			isa = PBXGroup;
			children = (
				718413C32657919C00EA7D65 /* xhb */,
			);
			path = com;
			sourceTree = "<group>";
		};
		718413C32657919C00EA7D65 /* xhb */ = {
			isa = PBXGroup;
			children = (
				718413C42657919C00EA7D65 /* blbase */,
			);
			path = xhb;
			sourceTree = "<group>";
		};
		718413C42657919C00EA7D65 /* blbase */ = {
			isa = PBXGroup;
			children = (
				718413C52657919C00EA7D65 /* ResultInfo.java */,
				718413C62657919C00EA7D65 /* HostInterceptor.java */,
				718413C72657919C00EA7D65 /* TicketInterceptor.java */,
				718413C82657919C00EA7D65 /* Services.java */,
			);
			path = blbase;
			sourceTree = "<group>";
		};
		718413E92657A4DD00EA7D65 /* Swift */ = {
			isa = PBXGroup;
			children = (
				717309322655233000AC59AE /* ObservableComsumer.swift */,
			);
			path = Swift;
			sourceTree = "<group>";
		};
/* End PBXGroup section */

/* Begin PBXHeadersBuildPhase section */
		716A92602654B86400C82B0D /* Headers */ = {
			isa = PBXHeadersBuildPhase;
			buildActionMask = 2147483647;
			files = (
				716A926A2654B86400C82B0D /* BLBase.h in Headers */,
			);
			runOnlyForDeploymentPostprocessing = 0;
		};
/* End PBXHeadersBuildPhase section */

/* Begin PBXNativeTarget section */
		716A92642654B86400C82B0D /* BLBase */ = {
			isa = PBXNativeTarget;
			buildConfigurationList = 716A926D2654B86400C82B0D /* Build configuration list for PBXNativeTarget "BLBase" */;
			buildPhases = (
				7184019A2656537D00EA7D65 /* ShellScript */,
				716A92602654B86400C82B0D /* Headers */,
				716A92612654B86400C82B0D /* Sources */,
				716A92622654B86400C82B0D /* Frameworks */,
				716A92632654B86400C82B0D /* Resources */,
				718413DC26579EF000EA7D65 /* ShellScript */,
			);
			buildRules = (
				716A928B2654BD8300C82B0D /* PBXBuildRule */,
			);
			dependencies = (
			);
			name = BLBase;
			productName = BLBase;
			productReference = 716A92652654B86400C82B0D /* BLBase.framework */;
			productType = "com.apple.product-type.framework";
		};
/* End PBXNativeTarget section */

/* Begin PBXProject section */
		716A925C2654B86400C82B0D /* Project object */ = {
			isa = PBXProject;
			attributes = {
				LastUpgradeCheck = 1230;
				TargetAttributes = {
					716A92642654B86400C82B0D = {
						CreatedOnToolsVersion = 12.3;
					};
				};
			};
			buildConfigurationList = 716A925F2654B86400C82B0D /* Build configuration list for PBXProject "BLBase" */;
			compatibilityVersion = "Xcode 9.3";
			developmentRegion = en;
			hasScannedForEncodings = 0;
			knownRegions = (
				en,
				Base,
			);
			mainGroup = 716A925B2654B86400C82B0D;
			productRefGroup = 716A92662654B86400C82B0D /* Products */;
			projectDirPath = "";
			projectRoot = "";
			targets = (
				716A92642654B86400C82B0D /* BLBase */,
			);
		};
/* End PBXProject section */

/* Begin PBXResourcesBuildPhase section */
		716A92632654B86400C82B0D /* Resources */ = {
			isa = PBXResourcesBuildPhase;
			buildActionMask = 2147483647;
			files = (
			);
			runOnlyForDeploymentPostprocessing = 0;
		};
/* End PBXResourcesBuildPhase section */

/* Begin PBXShellScriptBuildPhase section */
		7184019A2656537D00EA7D65 /* ShellScript */ = {
			isa = PBXShellScriptBuildPhase;
			alwaysOutOfDate = 1;
			buildActionMask = 2147483647;
			files = (
			);
			inputFileListPaths = (
			);
			inputPaths = (
			);
			outputFileListPaths = (
			);
			outputPaths = (
			);
			runOnlyForDeploymentPostprocessing = 0;
			shellPath = /bin/sh;
			shellScript = "# Type a script or drag a script file from your workspace to insert its path.\n\nif [ ! -f \"${J2OBJC_HOME}/j2objc\" ]; then \n  echo \"J2OBJC_HOME is not correctly defined, currently set to '${J2OBJC_HOME}'\"\n  exit 1\nfi\n\nset -x\n\n# Compile java with j2objc\n\nmkdir -p ${DERIVED_FILE_DIR}\nfind ${SRCROOT}/src -name \"*.java\" > ${DERIVED_FILE_DIR}/JavaList\nif [ ! -f ${DERIVED_FILE_DIR}/JavaList.d ]; then touch ${DERIVED_FILE_DIR}/JavaList.d; fi\nif ${SRCROOT}/../Tools/checkDiff.awk ${DERIVED_FILE_DIR}/JavaList ${DERIVED_FILE_DIR}/JavaList.d > ${DERIVED_FILE_DIR}/JavaList.d1 ; then exit 0; fi\nmv ${DERIVED_FILE_DIR}/JavaList.d1 ${DERIVED_FILE_DIR}/JavaList.d\n\n\"${J2OBJC_HOME}/../build/j.sh\" -d ${DERIVED_FILE_DIR} -cp ${CLASS_PATH} -g @${DERIVED_FILE_DIR}/JavaList\n\n\n# Java classes & jar\n\nrm -f ${METAL_LIBRARY_OUTPUT_DIR}/classes.jar\njar --create --file ${METAL_LIBRARY_OUTPUT_DIR}/classes.jar -C ${DERIVED_FILE_DIR}/classes .\n\n# Headers from BLBase java\n\nfind ${DERIVED_FILE_DIR} -name \"*.h\" | awk \"{ sub(\\\"${DERIVED_FILE_DIR}/\\\", \\\"\\\", \\$0); print \\$0 }\" > ${DERIVED_FILE_DIR}/J2Objc2\nawk '{ print \"#include \\\"\" $0 \"\\\"\" }' ${DERIVED_FILE_DIR}/J2Objc2 > ${METAL_LIBRARY_OUTPUT_DIR}/Headers/blbase2.h\ntar -c - -C ${DERIVED_FILE_DIR} -T ${DERIVED_FILE_DIR}/J2Objc2 | tar -x -C ${METAL_LIBRARY_OUTPUT_DIR}/Headers\nrm -f ${DERIVED_FILE_DIR}/J2Objc2\n\n";
			showEnvVarsInLog = 0;
		};
		718413DC26579EF000EA7D65 /* ShellScript */ = {
			isa = PBXShellScriptBuildPhase;
			alwaysOutOfDate = 1;
			buildActionMask = 2147483647;
			files = (
			);
			inputFileListPaths = (
			);
			inputPaths = (
			);
			outputFileListPaths = (
			);
			outputPaths = (
			);
			runOnlyForDeploymentPostprocessing = 0;
			shellPath = /bin/sh;
			shellScript = "# Type a script or drag a script file from your workspace to insert its path.\n\nset -x\n# BLBase J2Objc bridge header, open include from BLBase.h\n\ncp -rf \"${SRCROOT}/BLBase/BLBase-Bridge.h\" \"${CODESIGNING_FOLDER_PATH}/Headers\"\nsed -i xxx 's|//#|#|g' \"${CODESIGNING_FOLDER_PATH}/Headers/BLBase.h\"\nrm -f \"${CODESIGNING_FOLDER_PATH}/Headers/BLBase.hxxx\"\n";
			showEnvVarsInLog = 0;
		};
/* End PBXShellScriptBuildPhase section */

/* Begin PBXSourcesBuildPhase section */
		716A92612654B86400C82B0D /* Sources */ = {
			isa = PBXSourcesBuildPhase;
			buildActionMask = 2147483647;
			files = (
				718413C92657919C00EA7D65 /* ResultInfo.java in Sources */,
				718413CC2657919C00EA7D65 /* Services.java in Sources */,
				718413CB2657919C00EA7D65 /* TicketInterceptor.java in Sources */,
				718413CA2657919C00EA7D65 /* HostInterceptor.java in Sources */,
				717309332655233000AC59AE /* ObservableComsumer.swift in Sources */,
			);
			runOnlyForDeploymentPostprocessing = 0;
		};
/* End PBXSourcesBuildPhase section */

/* Begin XCBuildConfiguration section */
		716A926B2654B86400C82B0D /* Debug */ = {
			isa = XCBuildConfiguration;
			buildSettings = {
				ALWAYS_SEARCH_USER_PATHS = NO;
				CLANG_ANALYZER_NONNULL = YES;
				CLANG_ANALYZER_NUMBER_OBJECT_CONVERSION = YES_AGGRESSIVE;
				CLANG_CXX_LANGUAGE_STANDARD = "gnu++14";
				CLANG_CXX_LIBRARY = "libc++";
				CLANG_ENABLE_MODULES = YES;
				CLANG_ENABLE_OBJC_ARC = NO;
				CLANG_ENABLE_OBJC_WEAK = YES;
				CLANG_WARN_BLOCK_CAPTURE_AUTORELEASING = YES;
				CLANG_WARN_BOOL_CONVERSION = YES;
				CLANG_WARN_COMMA = YES;
				CLANG_WARN_CONSTANT_CONVERSION = YES;
				CLANG_WARN_DEPRECATED_OBJC_IMPLEMENTATIONS = YES;
				CLANG_WARN_DIRECT_OBJC_ISA_USAGE = YES_ERROR;
				CLANG_WARN_DOCUMENTATION_COMMENTS = NO;
				CLANG_WARN_EMPTY_BODY = YES;
				CLANG_WARN_ENUM_CONVERSION = YES;
				CLANG_WARN_INFINITE_RECURSION = YES;
				CLANG_WARN_INT_CONVERSION = YES;
				CLANG_WARN_NON_LITERAL_NULL_CONVERSION = YES;
				CLANG_WARN_OBJC_IMPLICIT_RETAIN_SELF = YES;
				CLANG_WARN_OBJC_LITERAL_CONVERSION = YES;
				CLANG_WARN_OBJC_ROOT_CLASS = YES_ERROR;
				CLANG_WARN_QUOTED_INCLUDE_IN_FRAMEWORK_HEADER = NO;
				CLANG_WARN_RANGE_LOOP_ANALYSIS = YES;
				CLANG_WARN_STRICT_PROTOTYPES = YES;
				CLANG_WARN_SUSPICIOUS_MOVE = YES;
				CLANG_WARN_UNGUARDED_AVAILABILITY = YES_AGGRESSIVE;
				CLANG_WARN_UNREACHABLE_CODE = YES;
				CLANG_WARN__DUPLICATE_METHOD_MATCH = YES;
				CLASS_PATH = "/Users/cmguo/Library/Developer/Xcode/DerivedData/BLBase.iOS-gufljryaaxtuisfsptzepatpddqs/Build/Products/Debug-iphonesimulator/Prism.framework/classes.jar";
				COPY_PHASE_STRIP = NO;
				CURRENT_PROJECT_VERSION = 1;
				DEBUG_INFORMATION_FORMAT = dwarf;
				ENABLE_STRICT_OBJC_MSGSEND = YES;
				ENABLE_TESTABILITY = YES;
				GCC_C_LANGUAGE_STANDARD = gnu11;
				GCC_DYNAMIC_NO_PIC = NO;
				GCC_NO_COMMON_BLOCKS = YES;
				GCC_OPTIMIZATION_LEVEL = 0;
				GCC_PREPROCESSOR_DEFINITIONS = (
					"DEBUG=1",
					"$(inherited)",
				);
				GCC_WARN_64_TO_32_BIT_CONVERSION = YES;
				GCC_WARN_ABOUT_RETURN_TYPE = YES_ERROR;
				GCC_WARN_UNDECLARED_SELECTOR = YES;
				GCC_WARN_UNINITIALIZED_AUTOS = YES_AGGRESSIVE;
				GCC_WARN_UNUSED_FUNCTION = YES;
				GCC_WARN_UNUSED_VARIABLE = YES;
				HEADER_SEARCH_PATHS = (
					"${BUILT_PRODUCTS_DIR}/Prism.framework/Headers",
					../Libraries/JRE.framework/Headers,
				);
				IPHONEOS_DEPLOYMENT_TARGET = 10.0;
				J2OBJC_HOME = "/Users/cmguo/work/j2objc/j2objc-2.7";
				JAVA_HOME = "/Library/Java/JavaVirtualMachines/jdk-11.0.9.jdk/Contents/Home";
				MTL_ENABLE_DEBUG_INFO = INCLUDE_SOURCE;
				MTL_FAST_MATH = YES;
				ONLY_ACTIVE_ARCH = YES;
				SDKROOT = iphoneos;
				SWIFT_ACTIVE_COMPILATION_CONDITIONS = DEBUG;
				SWIFT_OPTIMIZATION_LEVEL = "-Onone";
				VERSIONING_SYSTEM = "apple-generic";
				VERSION_INFO_PREFIX = "";
			};
			name = Debug;
		};
		716A926C2654B86400C82B0D /* Release */ = {
			isa = XCBuildConfiguration;
			buildSettings = {
				ALWAYS_SEARCH_USER_PATHS = NO;
				CLANG_ANALYZER_NONNULL = YES;
				CLANG_ANALYZER_NUMBER_OBJECT_CONVERSION = YES_AGGRESSIVE;
				CLANG_CXX_LANGUAGE_STANDARD = "gnu++14";
				CLANG_CXX_LIBRARY = "libc++";
				CLANG_ENABLE_MODULES = YES;
				CLANG_ENABLE_OBJC_ARC = NO;
				CLANG_ENABLE_OBJC_WEAK = YES;
				CLANG_WARN_BLOCK_CAPTURE_AUTORELEASING = YES;
				CLANG_WARN_BOOL_CONVERSION = YES;
				CLANG_WARN_COMMA = YES;
				CLANG_WARN_CONSTANT_CONVERSION = YES;
				CLANG_WARN_DEPRECATED_OBJC_IMPLEMENTATIONS = YES;
				CLANG_WARN_DIRECT_OBJC_ISA_USAGE = YES_ERROR;
				CLANG_WARN_DOCUMENTATION_COMMENTS = NO;
				CLANG_WARN_EMPTY_BODY = YES;
				CLANG_WARN_ENUM_CONVERSION = YES;
				CLANG_WARN_INFINITE_RECURSION = YES;
				CLANG_WARN_INT_CONVERSION = YES;
				CLANG_WARN_NON_LITERAL_NULL_CONVERSION = YES;
				CLANG_WARN_OBJC_IMPLICIT_RETAIN_SELF = YES;
				CLANG_WARN_OBJC_LITERAL_CONVERSION = YES;
				CLANG_WARN_OBJC_ROOT_CLASS = YES_ERROR;
				CLANG_WARN_QUOTED_INCLUDE_IN_FRAMEWORK_HEADER = NO;
				CLANG_WARN_RANGE_LOOP_ANALYSIS = YES;
				CLANG_WARN_STRICT_PROTOTYPES = YES;
				CLANG_WARN_SUSPICIOUS_MOVE = YES;
				CLANG_WARN_UNGUARDED_AVAILABILITY = YES_AGGRESSIVE;
				CLANG_WARN_UNREACHABLE_CODE = YES;
				CLANG_WARN__DUPLICATE_METHOD_MATCH = YES;
				CLASS_PATH = "/Users/cmguo/Library/Developer/Xcode/DerivedData/BLBase.iOS-gufljryaaxtuisfsptzepatpddqs/Build/Products/Debug-iphonesimulator/Prism.framework/classes.jar";
				COPY_PHASE_STRIP = NO;
				CURRENT_PROJECT_VERSION = 1;
				DEBUG_INFORMATION_FORMAT = "dwarf-with-dsym";
				ENABLE_NS_ASSERTIONS = NO;
				ENABLE_STRICT_OBJC_MSGSEND = YES;
				GCC_C_LANGUAGE_STANDARD = gnu11;
				GCC_NO_COMMON_BLOCKS = YES;
				GCC_WARN_64_TO_32_BIT_CONVERSION = YES;
				GCC_WARN_ABOUT_RETURN_TYPE = YES_ERROR;
				GCC_WARN_UNDECLARED_SELECTOR = YES;
				GCC_WARN_UNINITIALIZED_AUTOS = YES_AGGRESSIVE;
				GCC_WARN_UNUSED_FUNCTION = YES;
				GCC_WARN_UNUSED_VARIABLE = YES;
				HEADER_SEARCH_PATHS = (
					"${BUILT_PRODUCTS_DIR}/Prism.framework/Headers",
					../Libraries/JRE.framework/Headers,
				);
				IPHONEOS_DEPLOYMENT_TARGET = 10.0;
				J2OBJC_HOME = "/Users/cmguo/work/j2objc/j2objc-2.7";
				JAVA_HOME = "/Library/Java/JavaVirtualMachines/jdk-11.0.9.jdk/Contents/Home";
				MTL_ENABLE_DEBUG_INFO = NO;
				MTL_FAST_MATH = YES;
				SDKROOT = iphoneos;
				SWIFT_COMPILATION_MODE = wholemodule;
				SWIFT_OPTIMIZATION_LEVEL = "-O";
				VALIDATE_PRODUCT = YES;
				VERSIONING_SYSTEM = "apple-generic";
				VERSION_INFO_PREFIX = "";
			};
			name = Release;
		};
		716A926E2654B86400C82B0D /* Debug */ = {
			isa = XCBuildConfiguration;
			buildSettings = {
				CODE_SIGN_STYLE = Automatic;
				DEFINES_MODULE = YES;
				DEVELOPMENT_TEAM = 9U4XC9P277;
				DYLIB_COMPATIBILITY_VERSION = 1;
				DYLIB_CURRENT_VERSION = 1;
				DYLIB_INSTALL_NAME_BASE = "@rpath";
				INFOPLIST_FILE = BLBase/Info.plist;
				INSTALL_PATH = "$(LOCAL_LIBRARY_DIR)/Frameworks";
				LD_RUNPATH_SEARCH_PATHS = (
					"$(inherited)",
					"@executable_path/Frameworks",
					"@loader_path/Frameworks",
				);
				MACH_O_TYPE = staticlib;
				PRODUCT_BUNDLE_IDENTIFIER = com.xhb.BLBase;
				PRODUCT_NAME = "$(TARGET_NAME:c99extidentifier)";
				SKIP_INSTALL = YES;
				SWIFT_VERSION = 5.0;
				TARGETED_DEVICE_FAMILY = "1,2";
			};
			name = Debug;
		};
		716A926F2654B86400C82B0D /* Release */ = {
			isa = XCBuildConfiguration;
			buildSettings = {
				CODE_SIGN_STYLE = Automatic;
				DEFINES_MODULE = YES;
				DEVELOPMENT_TEAM = 9U4XC9P277;
				DYLIB_COMPATIBILITY_VERSION = 1;
				DYLIB_CURRENT_VERSION = 1;
				DYLIB_INSTALL_NAME_BASE = "@rpath";
				INFOPLIST_FILE = BLBase/Info.plist;
				INSTALL_PATH = "$(LOCAL_LIBRARY_DIR)/Frameworks";
				LD_RUNPATH_SEARCH_PATHS = (
					"$(inherited)",
					"@executable_path/Frameworks",
					"@loader_path/Frameworks",
				);
				MACH_O_TYPE = staticlib;
				PRODUCT_BUNDLE_IDENTIFIER = com.xhb.BLBase;
				PRODUCT_NAME = "$(TARGET_NAME:c99extidentifier)";
				SKIP_INSTALL = YES;
				SWIFT_VERSION = 5.0;
				TARGETED_DEVICE_FAMILY = "1,2";
			};
			name = Release;
		};
/* End XCBuildConfiguration section */

/* Begin XCConfigurationList section */
		716A925F2654B86400C82B0D /* Build configuration list for PBXProject "BLBase" */ = {
			isa = XCConfigurationList;
			buildConfigurations = (
				716A926B2654B86400C82B0D /* Debug */,
				716A926C2654B86400C82B0D /* Release */,
			);
			defaultConfigurationIsVisible = 0;
			defaultConfigurationName = Release;
		};
		716A926D2654B86400C82B0D /* Build configuration list for PBXNativeTarget "BLBase" */ = {
			isa = XCConfigurationList;
			buildConfigurations = (
				716A926E2654B86400C82B0D /* Debug */,
				716A926F2654B86400C82B0D /* Release */,
			);
			defaultConfigurationIsVisible = 0;
			defaultConfigurationName = Release;
		};
/* End XCConfigurationList section */
	};
	rootObject = 716A925C2654B86400C82B0D /* Project object */;
}
